
Microsoft Visual Studio Solution File, Format Version 12.00
# Visual Studio Version 17
VisualStudioVersion = 17.0.31903.59
MinimumVisualStudioVersion = 10.0.40219.1
Project("{9A19103F-16F7-4668-BE54-9A1E7A4F7556}") = "API", "API\API.csproj", "{F9635111-BEA8-4A4D-A973-E5EDCD83865A}"
EndProject
Project("{9A19103F-16F7-4668-BE54-9A1E7A4F7556}") = "Application", "Application\Application.csproj", "{0DFCCE7B-E627-4D2C-BA53-777ADDD5D97A}"
EndProject
Project("{9A19103F-16F7-4668-BE54-9A1E7A4F7556}") = "Domain", "Domain\Domain.csproj", "{52ABAA48-C037-48DE-ADDB-538EB21ABCF5}"
EndProject
Project("{9A19103F-16F7-4668-BE54-9A1E7A4F7556}") = "Infrastructure", "Infrastructure\Infrastructure.csproj", "{F62250C9-EB7D-44B2-B2A4-DD5860B2FD42}"
EndProject
Project("{9A19103F-16F7-4668-BE54-9A1E7A4F7556}") = "Shared", "Shared\Shared.csproj", "{CB0939B6-7569-4E81-9286-36D343BE08C7}"
EndProject
Project("{FAE04EC0-301F-11D3-BF4B-00C04F79EFBC}") = "UnitTest", "UnitTest\UnitTest.csproj", "{59E946D0-9CB5-45C9-9974-F2554CB8BF9E}"
EndProject
Global
	GlobalSection(SolutionConfigurationPlatforms) = preSolution
		Debug|Any CPU = Debug|Any CPU
		Release|Any CPU = Release|Any CPU
	EndGlobalSection
	GlobalSection(ProjectConfigurationPlatforms) = postSolution
		{F9635111-BEA8-4A4D-A973-E5EDCD83865A}.Debug|Any CPU.ActiveCfg = Debug|Any CPU
		{F9635111-BEA8-4A4D-A973-E5EDCD83865A}.Debug|Any CPU.Build.0 = Debug|Any CPU
		{F9635111-BEA8-4A4D-A973-E5EDCD83865A}.Release|Any CPU.ActiveCfg = Release|Any CPU
		{F9635111-BEA8-4A4D-A973-E5EDCD83865A}.Release|Any CPU.Build.0 = Release|Any CPU
		{0DFCCE7B-E627-4D2C-BA53-777ADDD5D97A}.Debug|Any CPU.ActiveCfg = Debug|Any CPU
		{0DFCCE7B-E627-4D2C-BA53-777ADDD5D97A}.Debug|Any CPU.Build.0 = Debug|Any CPU
		{0DFCCE7B-E627-4D2C-BA53-777ADDD5D97A}.Release|Any CPU.ActiveCfg = Release|Any CPU
		{0DFCCE7B-E627-4D2C-BA53-777ADDD5D97A}.Release|Any CPU.Build.0 = Release|Any CPU
		{52ABAA48-C037-48DE-ADDB-538EB21ABCF5}.Debug|Any CPU.ActiveCfg = Debug|Any CPU
		{52ABAA48-C037-48DE-ADDB-538EB21ABCF5}.Debug|Any CPU.Build.0 = Debug|Any CPU
		{52ABAA48-C037-48DE-ADDB-538EB21ABCF5}.Release|Any CPU.ActiveCfg = Release|Any CPU
		{52ABAA48-C037-48DE-ADDB-538EB21ABCF5}.Release|Any CPU.Build.0 = Release|Any CPU
		{F62250C9-EB7D-44B2-B2A4-DD5860B2FD42}.Debug|Any CPU.ActiveCfg = Debug|Any CPU
		{F62250C9-EB7D-44B2-B2A4-DD5860B2FD42}.Debug|Any CPU.Build.0 = Debug|Any CPU
		{F62250C9-EB7D-44B2-B2A4-DD5860B2FD42}.Release|Any CPU.ActiveCfg = Release|Any CPU
		{F62250C9-EB7D-44B2-B2A4-DD5860B2FD42}.Release|Any CPU.Build.0 = Release|Any CPU
		{CB0939B6-7569-4E81-9286-36D343BE08C7}.Debug|Any CPU.ActiveCfg = Debug|Any CPU
		{CB0939B6-7569-4E81-9286-36D343BE08C7}.Debug|Any CPU.Build.0 = Debug|Any CPU
		{CB0939B6-7569-4E81-9286-36D343BE08C7}.Release|Any CPU.ActiveCfg = Release|Any CPU
		{CB0939B6-7569-4E81-9286-36D343BE08C7}.Release|Any CPU.Build.0 = Release|Any CPU
		{59E946D0-9CB5-45C9-9974-F2554CB8BF9E}.Debug|Any CPU.ActiveCfg = Debug|Any CPU
		{59E946D0-9CB5-45C9-9974-F2554CB8BF9E}.Debug|Any CPU.Build.0 = Debug|Any CPU
		{59E946D0-9CB5-45C9-9974-F2554CB8BF9E}.Release|Any CPU.ActiveCfg = Release|Any CPU
		{59E946D0-9CB5-45C9-9974-F2554CB8BF9E}.Release|Any CPU.Build.0 = Release|Any CPU
	EndGlobalSection
	GlobalSection(SolutionProperties) = preSolution
		HideSolutionNode = FALSE
	EndGlobalSection
	GlobalSection(ExtensibilityGlobals) = postSolution
		SolutionGuid = {57EABD35-6899-4A1E-820D-FA41534CC889}
	EndGlobalSection
EndGlobal
